// !$*UTF8*$!
{
	archiveVersion = 1;
	classes = {
	};
	objectVersion = 56;
	objects = {

/* Begin PBXBuildFile section */
		6E4B2B9B2E41CBE600BEF10C /* GoalSetterCard.swift in Sources */ = {isa = PBXBuildFile; fileRef = 6E4B2B9A2E41CBE500BEF10C /* GoalSetterCard.swift */; };
		6E4B65122E03E14500BAC833 /* RecurrenceCheckbox.swift in Sources */ = {isa = PBXBuildFile; fileRef = 6E4B65112E03E14400BAC833 /* RecurrenceCheckbox.swift */; };
		6E580D252DEB8D8000FFF5CC /* DailyDoseApp.swift in Sources */ = {isa = PBXBuildFile; fileRef = 6E580D242DEB8D8000FFF5CC /* DailyDoseApp.swift */; };
		6E580D272DEB8D8000FFF5CC /* MainView.swift in Sources */ = {isa = PBXBuildFile; fileRef = 6E580D262DEB8D8000FFF5CC /* MainView.swift */; };
		6E580D292DEB8D8400FFF5CC /* Assets.xcassets in Resources */ = {isa = PBXBuildFile; fileRef = 6E580D282DEB8D8400FFF5CC /* Assets.xcassets */; };
		6E580D2C2DEB8D8400FFF5CC /* Preview Assets.xcassets in Resources */ = {isa = PBXBuildFile; fileRef = 6E580D2B2DEB8D8400FFF5CC /* Preview Assets.xcassets */; };
		6E580D3A2DEB994500FFF5CC /* Quicksand-Bold.ttf in Resources */ = {isa = PBXBuildFile; fileRef = 6E580D382DEB950200FFF5CC /* Quicksand-Bold.ttf */; };
		6E580D3B2DEB994900FFF5CC /* Quicksand-Light.ttf in Resources */ = {isa = PBXBuildFile; fileRef = 6E580D362DEB950200FFF5CC /* Quicksand-Light.ttf */; };
		6E580D3C2DEB994B00FFF5CC /* Quicksand-Medium.ttf in Resources */ = {isa = PBXBuildFile; fileRef = 6E580D392DEB950200FFF5CC /* Quicksand-Medium.ttf */; };
		6E580D3D2DEB994E00FFF5CC /* Quicksand-Regular.ttf in Resources */ = {isa = PBXBuildFile; fileRef = 6E580D372DEB950200FFF5CC /* Quicksand-Regular.ttf */; };
		6E580D3E2DEB995100FFF5CC /* Quicksand-SemiBold.ttf in Resources */ = {isa = PBXBuildFile; fileRef = 6E580D352DEB950100FFF5CC /* Quicksand-SemiBold.ttf */; };
		6E580D442DECE01300FFF5CC /* Syne-Bold.ttf in Resources */ = {isa = PBXBuildFile; fileRef = 6E580D3F2DECE01200FFF5CC /* Syne-Bold.ttf */; };
		6E580D452DECE01300FFF5CC /* Syne-Medium.ttf in Resources */ = {isa = PBXBuildFile; fileRef = 6E580D402DECE01200FFF5CC /* Syne-Medium.ttf */; };
		6E580D462DECE01300FFF5CC /* Syne-Regular.ttf in Resources */ = {isa = PBXBuildFile; fileRef = 6E580D412DECE01200FFF5CC /* Syne-Regular.ttf */; };
		6E580D472DECE01300FFF5CC /* Syne-SemiBold.ttf in Resources */ = {isa = PBXBuildFile; fileRef = 6E580D422DECE01200FFF5CC /* Syne-SemiBold.ttf */; };
		6E580D482DECE01300FFF5CC /* Syne-ExtraBold.ttf in Resources */ = {isa = PBXBuildFile; fileRef = 6E580D432DECE01200FFF5CC /* Syne-ExtraBold.ttf */; };
		6E580D4D2DED7A4E00FFF5CC /* HabitCell.swift in Sources */ = {isa = PBXBuildFile; fileRef = 6E580D4C2DED7A4E00FFF5CC /* HabitCell.swift */; };
		6E580D502DED7DF700FFF5CC /* Habit.swift in Sources */ = {isa = PBXBuildFile; fileRef = 6E580D4F2DED7DF700FFF5CC /* Habit.swift */; };
		6E580D542DEF765C00FFF5CC /* HabitFormView.swift in Sources */ = {isa = PBXBuildFile; fileRef = 6E580D532DEF765C00FFF5CC /* HabitFormView.swift */; };
		6EC489172E0B06C3004C99A4 /* PeriodicityButton.swift in Sources */ = {isa = PBXBuildFile; fileRef = 6EC489162E0B06C3004C99A4 /* PeriodicityButton.swift */; };
		6ED2D0472E1E3DF600921DEC /* CustomRecurrenceSheet.swift in Sources */ = {isa = PBXBuildFile; fileRef = 6ED2D0462E1E3DF600921DEC /* CustomRecurrenceSheet.swift */; };
/* End PBXBuildFile section */

/* Begin PBXFileReference section */
		6E4B2B9A2E41CBE500BEF10C /* GoalSetterCard.swift */ = {isa = PBXFileReference; lastKnownFileType = sourcecode.swift; path = GoalSetterCard.swift; sourceTree = "<group>"; };
		6E4B65112E03E14400BAC833 /* RecurrenceCheckbox.swift */ = {isa = PBXFileReference; lastKnownFileType = sourcecode.swift; path = RecurrenceCheckbox.swift; sourceTree = "<group>"; };
		6E580D212DEB8D8000FFF5CC /* DailyDose.app */ = {isa = PBXFileReference; explicitFileType = wrapper.application; includeInIndex = 0; path = DailyDose.app; sourceTree = BUILT_PRODUCTS_DIR; };
		6E580D242DEB8D8000FFF5CC /* DailyDoseApp.swift */ = {isa = PBXFileReference; lastKnownFileType = sourcecode.swift; path = DailyDoseApp.swift; sourceTree = "<group>"; };
		6E580D262DEB8D8000FFF5CC /* MainView.swift */ = {isa = PBXFileReference; lastKnownFileType = sourcecode.swift; path = MainView.swift; sourceTree = "<group>"; };
		6E580D282DEB8D8400FFF5CC /* Assets.xcassets */ = {isa = PBXFileReference; lastKnownFileType = folder.assetcatalog; path = Assets.xcassets; sourceTree = "<group>"; };
		6E580D2B2DEB8D8400FFF5CC /* Preview Assets.xcassets */ = {isa = PBXFileReference; lastKnownFileType = folder.assetcatalog; path = "Preview Assets.xcassets"; sourceTree = "<group>"; };
		6E580D342DEB910800FFF5CC /* Info.plist */ = {isa = PBXFileReference; lastKnownFileType = text.plist; path = Info.plist; sourceTree = "<group>"; };
		6E580D352DEB950100FFF5CC /* Quicksand-SemiBold.ttf */ = {isa = PBXFileReference; lastKnownFileType = file; path = "Quicksand-SemiBold.ttf"; sourceTree = "<group>"; };
		6E580D362DEB950200FFF5CC /* Quicksand-Light.ttf */ = {isa = PBXFileReference; lastKnownFileType = file; path = "Quicksand-Light.ttf"; sourceTree = "<group>"; };
		6E580D372DEB950200FFF5CC /* Quicksand-Regular.ttf */ = {isa = PBXFileReference; lastKnownFileType = file; path = "Quicksand-Regular.ttf"; sourceTree = "<group>"; };
		6E580D382DEB950200FFF5CC /* Quicksand-Bold.ttf */ = {isa = PBXFileReference; lastKnownFileType = file; path = "Quicksand-Bold.ttf"; sourceTree = "<group>"; };
		6E580D392DEB950200FFF5CC /* Quicksand-Medium.ttf */ = {isa = PBXFileReference; lastKnownFileType = file; path = "Quicksand-Medium.ttf"; sourceTree = "<group>"; };
		6E580D3F2DECE01200FFF5CC /* Syne-Bold.ttf */ = {isa = PBXFileReference; lastKnownFileType = file; path = "Syne-Bold.ttf"; sourceTree = "<group>"; };
		6E580D402DECE01200FFF5CC /* Syne-Medium.ttf */ = {isa = PBXFileReference; lastKnownFileType = file; path = "Syne-Medium.ttf"; sourceTree = "<group>"; };
		6E580D412DECE01200FFF5CC /* Syne-Regular.ttf */ = {isa = PBXFileReference; lastKnownFileType = file; path = "Syne-Regular.ttf"; sourceTree = "<group>"; };
		6E580D422DECE01200FFF5CC /* Syne-SemiBold.ttf */ = {isa = PBXFileReference; lastKnownFileType = file; path = "Syne-SemiBold.ttf"; sourceTree = "<group>"; };
		6E580D432DECE01200FFF5CC /* Syne-ExtraBold.ttf */ = {isa = PBXFileReference; lastKnownFileType = file; path = "Syne-ExtraBold.ttf"; sourceTree = "<group>"; };
		6E580D4C2DED7A4E00FFF5CC /* HabitCell.swift */ = {isa = PBXFileReference; lastKnownFileType = sourcecode.swift; path = HabitCell.swift; sourceTree = "<group>"; };
		6E580D4F2DED7DF700FFF5CC /* Habit.swift */ = {isa = PBXFileReference; lastKnownFileType = sourcecode.swift; path = Habit.swift; sourceTree = "<group>"; };
		6E580D532DEF765C00FFF5CC /* HabitFormView.swift */ = {isa = PBXFileReference; lastKnownFileType = sourcecode.swift; path = HabitFormView.swift; sourceTree = "<group>"; };
		6EC489162E0B06C3004C99A4 /* PeriodicityButton.swift */ = {isa = PBXFileReference; lastKnownFileType = sourcecode.swift; path = PeriodicityButton.swift; sourceTree = "<group>"; };
		6ED2D0462E1E3DF600921DEC /* CustomRecurrenceSheet.swift */ = {isa = PBXFileReference; lastKnownFileType = sourcecode.swift; path = CustomRecurrenceSheet.swift; sourceTree = "<group>"; };
/* End PBXFileReference section */

/* Begin PBXFrameworksBuildPhase section */
		6E580D1E2DEB8D8000FFF5CC /* Frameworks */ = {
			isa = PBXFrameworksBuildPhase;
			buildActionMask = 2147483647;
			files = (
			);
			runOnlyForDeploymentPostprocessing = 0;
		};
/* End PBXFrameworksBuildPhase section */

/* Begin PBXGroup section */
		6E580D182DEB8D7F00FFF5CC = {
			isa = PBXGroup;
			children = (
				6E580D322DEB901200FFF5CC /* Fonts */,
				6E580D232DEB8D8000FFF5CC /* DailyDose */,
				6E580D222DEB8D8000FFF5CC /* Products */,
			);
			sourceTree = "<group>";
		};
		6E580D222DEB8D8000FFF5CC /* Products */ = {
			isa = PBXGroup;
			children = (
				6E580D212DEB8D8000FFF5CC /* DailyDose.app */,
			);
			name = Products;
			sourceTree = "<group>";
		};
		6E580D232DEB8D8000FFF5CC /* DailyDose */ = {
			isa = PBXGroup;
			children = (
				6E580D342DEB910800FFF5CC /* Info.plist */,
				6E580D242DEB8D8000FFF5CC /* DailyDoseApp.swift */,
				6E580D4E2DED7D8900FFF5CC /* Models */,
				6E580D492DED775200FFF5CC /* Views */,
				6E580D282DEB8D8400FFF5CC /* Assets.xcassets */,
				6E580D2A2DEB8D8400FFF5CC /* Preview Content */,
			);
			path = DailyDose;
			sourceTree = "<group>";
		};
		6E580D2A2DEB8D8400FFF5CC /* Preview Content */ = {
			isa = PBXGroup;
			children = (
				6E580D2B2DEB8D8400FFF5CC /* Preview Assets.xcassets */,
			);
			path = "Preview Content";
			sourceTree = "<group>";
		};
		6E580D322DEB901200FFF5CC /* Fonts */ = {
			isa = PBXGroup;
			children = (
				6E580D3F2DECE01200FFF5CC /* Syne-Bold.ttf */,
				6E580D432DECE01200FFF5CC /* Syne-ExtraBold.ttf */,
				6E580D402DECE01200FFF5CC /* Syne-Medium.ttf */,
				6E580D412DECE01200FFF5CC /* Syne-Regular.ttf */,
				6E580D422DECE01200FFF5CC /* Syne-SemiBold.ttf */,
				6E580D382DEB950200FFF5CC /* Quicksand-Bold.ttf */,
				6E580D362DEB950200FFF5CC /* Quicksand-Light.ttf */,
				6E580D392DEB950200FFF5CC /* Quicksand-Medium.ttf */,
				6E580D372DEB950200FFF5CC /* Quicksand-Regular.ttf */,
				6E580D352DEB950100FFF5CC /* Quicksand-SemiBold.ttf */,
			);
			path = Fonts;
			sourceTree = "<group>";
		};
		6E580D492DED775200FFF5CC /* Views */ = {
			isa = PBXGroup;
			children = (
				6E580D4A2DED775B00FFF5CC /* Screens */,
				6E580D4B2DED776000FFF5CC /* Components */,
			);
			path = Views;
			sourceTree = "<group>";
		};
		6E580D4A2DED775B00FFF5CC /* Screens */ = {
			isa = PBXGroup;
			children = (
				6E580D262DEB8D8000FFF5CC /* MainView.swift */,
				6E580D532DEF765C00FFF5CC /* HabitFormView.swift */,
			);
			path = Screens;
			sourceTree = "<group>";
		};
		6E580D4B2DED776000FFF5CC /* Components */ = {
			isa = PBXGroup;
			children = (
				6E580D4C2DED7A4E00FFF5CC /* HabitCell.swift */,
				6EC489162E0B06C3004C99A4 /* PeriodicityButton.swift */,
				6E4B65112E03E14400BAC833 /* RecurrenceCheckbox.swift */,
				6ED2D0462E1E3DF600921DEC /* CustomRecurrenceSheet.swift */,
				6E4B2B9A2E41CBE500BEF10C /* GoalSetterCard.swift */,
			);
			path = Components;
			sourceTree = "<group>";
		};
		6E580D4E2DED7D8900FFF5CC /* Models */ = {
			isa = PBXGroup;
			children = (
				6E580D4F2DED7DF700FFF5CC /* Habit.swift */,
			);
			path = Models;
			sourceTree = "<group>";
		};
/* End PBXGroup section */

/* Begin PBXNativeTarget section */
		6E580D202DEB8D8000FFF5CC /* DailyDose */ = {
			isa = PBXNativeTarget;
			buildConfigurationList = 6E580D2F2DEB8D8400FFF5CC /* Build configuration list for PBXNativeTarget "DailyDose" */;
			buildPhases = (
				6E580D1D2DEB8D8000FFF5CC /* Sources */,
				6E580D1E2DEB8D8000FFF5CC /* Frameworks */,
				6E580D1F2DEB8D8000FFF5CC /* Resources */,
			);
			buildRules = (
			);
			dependencies = (
			);
			name = DailyDose;
			productName = DailyDose;
			productReference = 6E580D212DEB8D8000FFF5CC /* DailyDose.app */;
			productType = "com.apple.product-type.application";
		};
/* End PBXNativeTarget section */

/* Begin PBXProject section */
		6E580D192DEB8D7F00FFF5CC /* Project object */ = {
			isa = PBXProject;
			attributes = {
				BuildIndependentTargetsInParallel = 1;
				LastSwiftUpdateCheck = 1520;
				LastUpgradeCheck = 1520;
				TargetAttributes = {
					6E580D202DEB8D8000FFF5CC = {
						CreatedOnToolsVersion = 15.2;
					};
				};
			};
			buildConfigurationList = 6E580D1C2DEB8D8000FFF5CC /* Build configuration list for PBXProject "DailyDose" */;
			compatibilityVersion = "Xcode 14.0";
			developmentRegion = en;
			hasScannedForEncodings = 0;
			knownRegions = (
				en,
				Base,
			);
			mainGroup = 6E580D182DEB8D7F00FFF5CC;
			productRefGroup = 6E580D222DEB8D8000FFF5CC /* Products */;
			projectDirPath = "";
			projectRoot = "";
			targets = (
				6E580D202DEB8D8000FFF5CC /* DailyDose */,
			);
		};
/* End PBXProject section */

/* Begin PBXResourcesBuildPhase section */
		6E580D1F2DEB8D8000FFF5CC /* Resources */ = {
			isa = PBXResourcesBuildPhase;
			buildActionMask = 2147483647;
			files = (
				6E580D2C2DEB8D8400FFF5CC /* Preview Assets.xcassets in Resources */,
				6E580D3D2DEB994E00FFF5CC /* Quicksand-Regular.ttf in Resources */,
				6E580D462DECE01300FFF5CC /* Syne-Regular.ttf in Resources */,
				6E580D3A2DEB994500FFF5CC /* Quicksand-Bold.ttf in Resources */,
				6E580D292DEB8D8400FFF5CC /* Assets.xcassets in Resources */,
				6E580D3B2DEB994900FFF5CC /* Quicksand-Light.ttf in Resources */,
				6E580D3E2DEB995100FFF5CC /* Quicksand-SemiBold.ttf in Resources */,
				6E580D472DECE01300FFF5CC /* Syne-SemiBold.ttf in Resources */,
				6E580D442DECE01300FFF5CC /* Syne-Bold.ttf in Resources */,
				6E580D452DECE01300FFF5CC /* Syne-Medium.ttf in Resources */,
				6E580D3C2DEB994B00FFF5CC /* Quicksand-Medium.ttf in Resources */,
				6E580D482DECE01300FFF5CC /* Syne-ExtraBold.ttf in Resources */,
			);
			runOnlyForDeploymentPostprocessing = 0;
		};
/* End PBXResourcesBuildPhase section */

/* Begin PBXSourcesBuildPhase section */
		6E580D1D2DEB8D8000FFF5CC /* Sources */ = {
			isa = PBXSourcesBuildPhase;
			buildActionMask = 2147483647;
			files = (
				6ED2D0472E1E3DF600921DEC /* CustomRecurrenceSheet.swift in Sources */,
				6E580D4D2DED7A4E00FFF5CC /* HabitCell.swift in Sources */,
				6E4B65122E03E14500BAC833 /* RecurrenceCheckbox.swift in Sources */,
				6E580D272DEB8D8000FFF5CC /* MainView.swift in Sources */,
				6E580D502DED7DF700FFF5CC /* Habit.swift in Sources */,
				6E580D252DEB8D8000FFF5CC /* DailyDoseApp.swift in Sources */,
				6E580D542DEF765C00FFF5CC /* HabitFormView.swift in Sources */,
				6EC489172E0B06C3004C99A4 /* PeriodicityButton.swift in Sources */,
				6E4B2B9B2E41CBE600BEF10C /* GoalSetterCard.swift in Sources */,
			);
			runOnlyForDeploymentPostprocessing = 0;
		};
/* End PBXSourcesBuildPhase section */

/* Begin XCBuildConfiguration section */
		6E580D2D2DEB8D8400FFF5CC /* Debug */ = {
			isa = XCBuildConfiguration;
			buildSettings = {
				ALWAYS_SEARCH_USER_PATHS = NO;
				ASSETCATALOG_COMPILER_GENERATE_SWIFT_ASSET_SYMBOL_EXTENSIONS = YES;
				CLANG_ANALYZER_NONNULL = YES;
				CLANG_ANALYZER_NUMBER_OBJECT_CONVERSION = YES_AGGRESSIVE;
				CLANG_CXX_LANGUAGE_STANDARD = "gnu++20";
				CLANG_ENABLE_MODULES = YES;
				CLANG_ENABLE_OBJC_ARC = YES;
				CLANG_ENABLE_OBJC_WEAK = YES;
				CLANG_WARN_BLOCK_CAPTURE_AUTORELEASING = YES;
				CLANG_WARN_BOOL_CONVERSION = YES;
				CLANG_WARN_COMMA = YES;
				CLANG_WARN_CONSTANT_CONVERSION = YES;
				CLANG_WARN_DEPRECATED_OBJC_IMPLEMENTATIONS = YES;
				CLANG_WARN_DIRECT_OBJC_ISA_USAGE = YES_ERROR;
				CLANG_WARN_DOCUMENTATION_COMMENTS = YES;
				CLANG_WARN_EMPTY_BODY = YES;
				CLANG_WARN_ENUM_CONVERSION = YES;
				CLANG_WARN_INFINITE_RECURSION = YES;
				CLANG_WARN_INT_CONVERSION = YES;
				CLANG_WARN_NON_LITERAL_NULL_CONVERSION = YES;
				CLANG_WARN_OBJC_IMPLICIT_RETAIN_SELF = YES;
				CLANG_WARN_OBJC_LITERAL_CONVERSION = YES;
				CLANG_WARN_OBJC_ROOT_CLASS = YES_ERROR;
				CLANG_WARN_QUOTED_INCLUDE_IN_FRAMEWORK_HEADER = YES;
				CLANG_WARN_RANGE_LOOP_ANALYSIS = YES;
				CLANG_WARN_STRICT_PROTOTYPES = YES;
				CLANG_WARN_SUSPICIOUS_MOVE = YES;
				CLANG_WARN_UNGUARDED_AVAILABILITY = YES_AGGRESSIVE;
				CLANG_WARN_UNREACHABLE_CODE = YES;
				CLANG_WARN__DUPLICATE_METHOD_MATCH = YES;
				COPY_PHASE_STRIP = NO;
				DEBUG_INFORMATION_FORMAT = dwarf;
				ENABLE_STRICT_OBJC_MSGSEND = YES;
				ENABLE_TESTABILITY = YES;
				ENABLE_USER_SCRIPT_SANDBOXING = YES;
				GCC_C_LANGUAGE_STANDARD = gnu17;
				GCC_DYNAMIC_NO_PIC = NO;
				GCC_NO_COMMON_BLOCKS = YES;
				GCC_OPTIMIZATION_LEVEL = 0;
				GCC_PREPROCESSOR_DEFINITIONS = (
					"DEBUG=1",
					"$(inherited)",
				);
				GCC_WARN_64_TO_32_BIT_CONVERSION = YES;
				GCC_WARN_ABOUT_RETURN_TYPE = YES_ERROR;
				GCC_WARN_UNDECLARED_SELECTOR = YES;
				GCC_WARN_UNINITIALIZED_AUTOS = YES_AGGRESSIVE;
				GCC_WARN_UNUSED_FUNCTION = YES;
				GCC_WARN_UNUSED_VARIABLE = YES;
				IPHONEOS_DEPLOYMENT_TARGET = 17.2;
				LOCALIZATION_PREFERS_STRING_CATALOGS = YES;
				MTL_ENABLE_DEBUG_INFO = INCLUDE_SOURCE;
				MTL_FAST_MATH = YES;
				ONLY_ACTIVE_ARCH = YES;
				SDKROOT = iphoneos;
				SWIFT_ACTIVE_COMPILATION_CONDITIONS = "DEBUG $(inherited)";
				SWIFT_OPTIMIZATION_LEVEL = "-Onone";
			};
			name = Debug;
		};
		6E580D2E2DEB8D8400FFF5CC /* Release */ = {
			isa = XCBuildConfiguration;
			buildSettings = {
				ALWAYS_SEARCH_USER_PATHS = NO;
				ASSETCATALOG_COMPILER_GENERATE_SWIFT_ASSET_SYMBOL_EXTENSIONS = YES;
				CLANG_ANALYZER_NONNULL = YES;
				CLANG_ANALYZER_NUMBER_OBJECT_CONVERSION = YES_AGGRESSIVE;
				CLANG_CXX_LANGUAGE_STANDARD = "gnu++20";
				CLANG_ENABLE_MODULES = YES;
				CLANG_ENABLE_OBJC_ARC = YES;
				CLANG_ENABLE_OBJC_WEAK = YES;
				CLANG_WARN_BLOCK_CAPTURE_AUTORELEASING = YES;
				CLANG_WARN_BOOL_CONVERSION = YES;
				CLANG_WARN_COMMA = YES;
				CLANG_WARN_CONSTANT_CONVERSION = YES;
				CLANG_WARN_DEPRECATED_OBJC_IMPLEMENTATIONS = YES;
				CLANG_WARN_DIRECT_OBJC_ISA_USAGE = YES_ERROR;
				CLANG_WARN_DOCUMENTATION_COMMENTS = YES;
				CLANG_WARN_EMPTY_BODY = YES;
				CLANG_WARN_ENUM_CONVERSION = YES;
				CLANG_WARN_INFINITE_RECURSION = YES;
				CLANG_WARN_INT_CONVERSION = YES;
				CLANG_WARN_NON_LITERAL_NULL_CONVERSION = YES;
				CLANG_WARN_OBJC_IMPLICIT_RETAIN_SELF = YES;
				CLANG_WARN_OBJC_LITERAL_CONVERSION = YES;
				CLANG_WARN_OBJC_ROOT_CLASS = YES_ERROR;
				CLANG_WARN_QUOTED_INCLUDE_IN_FRAMEWORK_HEADER = YES;
				CLANG_WARN_RANGE_LOOP_ANALYSIS = YES;
				CLANG_WARN_STRICT_PROTOTYPES = YES;
				CLANG_WARN_SUSPICIOUS_MOVE = YES;
				CLANG_WARN_UNGUARDED_AVAILABILITY = YES_AGGRESSIVE;
				CLANG_WARN_UNREACHABLE_CODE = YES;
				CLANG_WARN__DUPLICATE_METHOD_MATCH = YES;
				COPY_PHASE_STRIP = NO;
				DEBUG_INFORMATION_FORMAT = "dwarf-with-dsym";
				ENABLE_NS_ASSERTIONS = NO;
				ENABLE_STRICT_OBJC_MSGSEND = YES;
				ENABLE_USER_SCRIPT_SANDBOXING = YES;
				GCC_C_LANGUAGE_STANDARD = gnu17;
				GCC_NO_COMMON_BLOCKS = YES;
				GCC_WARN_64_TO_32_BIT_CONVERSION = YES;
				GCC_WARN_ABOUT_RETURN_TYPE = YES_ERROR;
				GCC_WARN_UNDECLARED_SELECTOR = YES;
				GCC_WARN_UNINITIALIZED_AUTOS = YES_AGGRESSIVE;
				GCC_WARN_UNUSED_FUNCTION = YES;
				GCC_WARN_UNUSED_VARIABLE = YES;
				IPHONEOS_DEPLOYMENT_TARGET = 17.2;
				LOCALIZATION_PREFERS_STRING_CATALOGS = YES;
				MTL_ENABLE_DEBUG_INFO = NO;
				MTL_FAST_MATH = YES;
				SDKROOT = iphoneos;
				SWIFT_COMPILATION_MODE = wholemodule;
				VALIDATE_PRODUCT = YES;
			};
			name = Release;
		};
		6E580D302DEB8D8400FFF5CC /* Debug */ = {
			isa = XCBuildConfiguration;
			buildSettings = {
				ASSETCATALOG_COMPILER_APPICON_NAME = AppIcon;
				ASSETCATALOG_COMPILER_GLOBAL_ACCENT_COLOR_NAME = AccentColor;
				CODE_SIGN_STYLE = Automatic;
				CURRENT_PROJECT_VERSION = 1;
				DEVELOPMENT_ASSET_PATHS = "\"DailyDose/Preview Content\"";
				DEVELOPMENT_TEAM = XST574CJPK;
				ENABLE_PREVIEWS = YES;
				GENERATE_INFOPLIST_FILE = YES;
				INFOPLIST_FILE = DailyDose/Info.plist;
				INFOPLIST_KEY_UIApplicationSceneManifest_Generation = YES;
				INFOPLIST_KEY_UIApplicationSupportsIndirectInputEvents = YES;
				INFOPLIST_KEY_UILaunchScreen_Generation = YES;
				INFOPLIST_KEY_UISupportedInterfaceOrientations_iPad = "UIInterfaceOrientationPortrait UIInterfaceOrientationPortraitUpsideDown UIInterfaceOrientationLandscapeLeft UIInterfaceOrientationLandscapeRight";
				INFOPLIST_KEY_UISupportedInterfaceOrientations_iPhone = "UIInterfaceOrientationPortrait UIInterfaceOrientationLandscapeLeft UIInterfaceOrientationLandscapeRight";
				LD_RUNPATH_SEARCH_PATHS = (
					"$(inherited)",
					"@executable_path/Frameworks",
				);
				MARKETING_VERSION = 1.0;
				PRODUCT_BUNDLE_IDENTIFIER = com.PenninckxAudrey.DailyDose;
				PRODUCT_NAME = "$(TARGET_NAME)";
				SWIFT_EMIT_LOC_STRINGS = YES;
				SWIFT_VERSION = 5.0;
				TARGETED_DEVICE_FAMILY = "1,2";
			};
			name = Debug;
		};
		6E580D312DEB8D8400FFF5CC /* Release */ = {
			isa = XCBuildConfiguration;
			buildSettings = {
				ASSETCATALOG_COMPILER_APPICON_NAME = AppIcon;
				ASSETCATALOG_COMPILER_GLOBAL_ACCENT_COLOR_NAME = AccentColor;
				CODE_SIGN_STYLE = Automatic;
				CURRENT_PROJECT_VERSION = 1;
				DEVELOPMENT_ASSET_PATHS = "\"DailyDose/Preview Content\"";
				DEVELOPMENT_TEAM = XST574CJPK;
				ENABLE_PREVIEWS = YES;
				GENERATE_INFOPLIST_FILE = YES;
				INFOPLIST_FILE = DailyDose/Info.plist;
				INFOPLIST_KEY_UIApplicationSceneManifest_Generation = YES;
				INFOPLIST_KEY_UIApplicationSupportsIndirectInputEvents = YES;
				INFOPLIST_KEY_UILaunchScreen_Generation = YES;
				INFOPLIST_KEY_UISupportedInterfaceOrientations_iPad = "UIInterfaceOrientationPortrait UIInterfaceOrientationPortraitUpsideDown UIInterfaceOrientationLandscapeLeft UIInterfaceOrientationLandscapeRight";
				INFOPLIST_KEY_UISupportedInterfaceOrientations_iPhone = "UIInterfaceOrientationPortrait UIInterfaceOrientationLandscapeLeft UIInterfaceOrientationLandscapeRight";
				LD_RUNPATH_SEARCH_PATHS = (
					"$(inherited)",
					"@executable_path/Frameworks",
				);
				MARKETING_VERSION = 1.0;
				PRODUCT_BUNDLE_IDENTIFIER = com.PenninckxAudrey.DailyDose;
				PRODUCT_NAME = "$(TARGET_NAME)";
				SWIFT_EMIT_LOC_STRINGS = YES;
				SWIFT_VERSION = 5.0;
				TARGETED_DEVICE_FAMILY = "1,2";
			};
			name = Release;
		};
/* End XCBuildConfiguration section */

/* Begin XCConfigurationList section */
		6E580D1C2DEB8D8000FFF5CC /* Build configuration list for PBXProject "DailyDose" */ = {
			isa = XCConfigurationList;
			buildConfigurations = (
				6E580D2D2DEB8D8400FFF5CC /* Debug */,
				6E580D2E2DEB8D8400FFF5CC /* Release */,
			);
			defaultConfigurationIsVisible = 0;
			defaultConfigurationName = Release;
		};
		6E580D2F2DEB8D8400FFF5CC /* Build configuration list for PBXNativeTarget "DailyDose" */ = {
			isa = XCConfigurationList;
			buildConfigurations = (
				6E580D302DEB8D8400FFF5CC /* Debug */,
				6E580D312DEB8D8400FFF5CC /* Release */,
			);
			defaultConfigurationIsVisible = 0;
			defaultConfigurationName = Release;
		};
/* End XCConfigurationList section */
	};
	rootObject = 6E580D192DEB8D7F00FFF5CC /* Project object */;
}
